
Microsoft Visual Studio Solution File, Format Version 12.00
# Visual Studio 15
VisualStudioVersion = 15.0.27130.2027
MinimumVisualStudioVersion = 10.0.40219.1
Project("{2150E333-8FDC-42A3-9474-1A3956D46DE8}") = "Configuration", "Configuration", "{FEABA270-1E7E-4EDF-9A6E-535478E1CFCD}"
	ProjectSection(SolutionItems) = preProject
		gulp-config.js = gulp-config.js
		gulpfile.js = gulpfile.js
		src\Leprechaun.config = src\Leprechaun.config
		LICENSE = LICENSE
		package.json = package.json
		publishsettings.targets = publishsettings.targets
		README.md = README.md
	EndProjectSection
EndProject
Project("{2150E333-8FDC-42A3-9474-1A3956D46DE8}") = "Foundation", "Foundation", "{B99999F6-5CE0-407A-89BB-CBF4574FF39C}"
EndProject
Project("{2150E333-8FDC-42A3-9474-1A3956D46DE8}") = "Feature", "Feature", "{CCE7A86D-B7EB-432F-A78A-49CCDAA1C915}"
EndProject
Project("{2150E333-8FDC-42A3-9474-1A3956D46DE8}") = "Project", "Project", "{FC59B197-F0B7-4C2B-80F7-A7EBACAD50D8}"
EndProject
Project("{2150E333-8FDC-42A3-9474-1A3956D46DE8}") = "Agency", "Agency", "{578E8488-9D04-4C0F-813D-B01EF46749EA}"
EndProject
Project("{2150E333-8FDC-42A3-9474-1A3956D46DE8}") = "Serialization", "Serialization", "{9F0F7E14-AF5A-4E84-9F0F-5AAD7EDEA197}"
EndProject
Project("{2150E333-8FDC-42A3-9474-1A3956D46DE8}") = "Structural", "Structural", "{CAE3FEEC-78BD-46AB-AC28-600B78D3C837}"
EndProject
Project("{2150E333-8FDC-42A3-9474-1A3956D46DE8}") = "PageContent", "PageContent", "{1B2FBF93-A43E-4BE4-9175-91A8A4D3325A}"
EndProject
Project("{FAE04EC0-301F-11D3-BF4B-00C04F79EFBC}") = "Helix.Foundation.Serialization", "src\Foundation\Serialization\code\Helix.Foundation.Serialization.csproj", "{38507F7B-4D5B-4E01-B47B-88CE844FE5F3}"
EndProject
Project("{2150E333-8FDC-42A3-9474-1A3956D46DE8}") = "Metadata", "Metadata", "{1C5A6FA1-0325-4B75-A931-A17496F0924A}"
EndProject
Project("{FAE04EC0-301F-11D3-BF4B-00C04F79EFBC}") = "Helix.Feature.Metadata", "src\Feature\Metadata\code\Helix.Feature.Metadata.csproj", "{84F0C810-E9FB-4111-A7E1-05C53B9577E1}"
EndProject
Project("{FAE04EC0-301F-11D3-BF4B-00C04F79EFBC}") = "Helix.Feature.PageContent", "src\Feature\PageContent\code\Helix.Feature.PageContent.csproj", "{7E4F63A0-D05F-441B-AB65-CF99780EEB23}"
EndProject
Project("{2150E333-8FDC-42A3-9474-1A3956D46DE8}") = "ORM", "ORM", "{4974D461-C429-438F-A4E9-74E44F91509F}"
EndProject
Project("{2150E333-8FDC-42A3-9474-1A3956D46DE8}") = "Common", "Common", "{154382FB-2BDA-46C4-BCE5-859A3F568F94}"
EndProject
Project("{FAE04EC0-301F-11D3-BF4B-00C04F79EFBC}") = "Helix.Foundation.ORM", "src\Foundation\ORM\code\Helix.Foundation.ORM.csproj", "{A0DC57F8-C1D8-4E38-95EC-22ED9660E817}"
EndProject
Project("{2150E333-8FDC-42A3-9474-1A3956D46DE8}") = "MultiTenant", "MultiTenant", "{2A79B035-0C0F-4D97-B00F-99C596C68918}"
EndProject
Project("{FAE04EC0-301F-11D3-BF4B-00C04F79EFBC}") = "Helix.Foundation.MultiTenant", "src\Foundation\MultiTenant\code\Helix.Foundation.MultiTenant.csproj", "{BA0F71FB-9FA8-4B49-8D78-F31616F57962}"
EndProject
Project("{2150E333-8FDC-42A3-9474-1A3956D46DE8}") = "Ioc", "Ioc", "{22138916-19CD-4067-94A4-C00627E66ED1}"
EndProject
Project("{FAE04EC0-301F-11D3-BF4B-00C04F79EFBC}") = "Helix.Feature.Structural", "src\Feature\Structural\code\Helix.Feature.Structural.csproj", "{FDA36D17-6025-41EC-B1C1-9604E0CC672C}"
EndProject
Project("{2150E333-8FDC-42A3-9474-1A3956D46DE8}") = "Projects", "Projects", "{331CB5FA-B0B1-46C9-B816-4399ADD68174}"
EndProject
Project("{FAE04EC0-301F-11D3-BF4B-00C04F79EFBC}") = "Helix.Feature.Projects", "src\Feature\Projects\code\Helix.Feature.Projects.csproj", "{99495158-94C5-4397-BADE-3720C5592943}"
EndProject
Project("{FAE04EC0-301F-11D3-BF4B-00C04F79EFBC}") = "Helix.Project.Agency", "src\Project\Agency\code\Helix.Project.Agency.csproj", "{CA093606-62E7-4BAC-A345-E5F8026A1D9B}"
EndProject
Project("{2150E333-8FDC-42A3-9474-1A3956D46DE8}") = "Services", "Services", "{8DF8FA78-61F8-4B7F-B8BB-FA3D27460533}"
EndProject
Project("{FAE04EC0-301F-11D3-BF4B-00C04F79EFBC}") = "Helix.Feature.Services", "src\Feature\Services\code\Helix.Feature.Services.csproj", "{D999DF51-4A93-4751-8486-E5F282C7C1CD}"
EndProject
Project("{2150E333-8FDC-42A3-9474-1A3956D46DE8}") = "Assets", "Assets", "{20E15BD6-92D5-4F54-A396-DA05B4C81FF6}"
EndProject
Project("{FAE04EC0-301F-11D3-BF4B-00C04F79EFBC}") = "Helix.Foundation.Assets", "src\Foundation\Assets\code\Helix.Foundation.Assets.csproj", "{78F72C14-8DAB-4242-B406-54194722103F}"
EndProject
Project("{FAE04EC0-301F-11D3-BF4B-00C04F79EFBC}") = "Helix.Foundation.Ioc", "src\Foundation\Ioc\code\Helix.Foundation.Ioc.csproj", "{2AAA60B4-43FC-47D1-A31E-FDC563CF3531}"
EndProject
Project("{2150E333-8FDC-42A3-9474-1A3956D46DE8}") = "Urls", "Urls", "{7C5CD822-DD0E-4756-9A26-F5484CA6275B}"
EndProject
Project("{FAE04EC0-301F-11D3-BF4B-00C04F79EFBC}") = "Helix.Foundation.Urls", "src\Foundation\Urls\code\Helix.Foundation.Urls.csproj", "{CF699BED-E749-4249-BE47-A78D717F33EB}"
EndProject
Project("{2150E333-8FDC-42A3-9474-1A3956D46DE8}") = "Timeline", "Timeline", "{4EB12869-52F0-44BB-B28E-7BAB7149F65F}"
EndProject
Project("{FAE04EC0-301F-11D3-BF4B-00C04F79EFBC}") = "Helix.Feature.Timeline", "src\Feature\Timeline\code\Helix.Feature.Timeline.csproj", "{7DCA87C8-09E6-4F9B-9F57-1FABD5375C6C}"
EndProject
Project("{2150E333-8FDC-42A3-9474-1A3956D46DE8}") = "Forms", "Forms", "{8455F99D-0C64-4F36-970B-80292FFB7147}"
EndProject
Project("{FAE04EC0-301F-11D3-BF4B-00C04F79EFBC}") = "Helix.Foundation.Forms", "src\Foundation\Forms\code\Helix.Foundation.Forms.csproj", "{ECA6C3C2-EBA2-4451-8FD0-73F1DF2F1F0C}"
EndProject
Project("{2150E333-8FDC-42A3-9474-1A3956D46DE8}") = "Caching", "Caching", "{44345745-87FA-4E50-ABA7-90C3BC6F14E1}"
EndProject
Project("{FAE04EC0-301F-11D3-BF4B-00C04F79EFBC}") = "Helix.Foundation.Caching", "src\Foundation\Caching\code\Helix.Foundation.Caching.csproj", "{6C5F6647-0DA7-461C-B32C-6B4B4FE6601F}"
EndProject
Project("{2150E333-8FDC-42A3-9474-1A3956D46DE8}") = "Taxonomy", "Taxonomy", "{0121975D-0E1D-41E9-AE81-DCA25A53DC6F}"
EndProject
Project("{FAE04EC0-301F-11D3-BF4B-00C04F79EFBC}") = "Helix.Foundation.Taxonomy", "src\Foundation\Taxonomy\code\Helix.Foundation.Taxonomy.csproj", "{FFAFF82F-5951-4935-B730-DDFC9146E44F}"
EndProject
Project("{2150E333-8FDC-42A3-9474-1A3956D46DE8}") = "Common", "Common", "{3B065CBA-F0BE-4DB6-A28D-D7F6C0592E9F}"
EndProject
Project("{FAE04EC0-301F-11D3-BF4B-00C04F79EFBC}") = "Helix.Project.Common", "src\Project\Common\code\Helix.Project.Common.csproj", "{07BFFDE8-6547-4AAF-99B6-AEFF42A9F079}"
EndProject
Project("{2150E333-8FDC-42A3-9474-1A3956D46DE8}") = "Search", "Search", "{CA7E78BA-31EB-4E68-819A-BF63F3F42A4B}"
EndProject
Project("{FAE04EC0-301F-11D3-BF4B-00C04F79EFBC}") = "Helix.Foundation.Search", "src\Foundation\Search\code\Helix.Foundation.Search.csproj", "{15F1A17E-8FB2-4194-B9E0-0029A950560B}"
EndProject
Project("{2150E333-8FDC-42A3-9474-1A3956D46DE8}") = "Navigation", "Navigation", "{FD22977C-ED2F-440E-A00A-9E6789635D52}"
EndProject
Project("{FAE04EC0-301F-11D3-BF4B-00C04F79EFBC}") = "Helix.Feature.Navigation", "src\Feature\Navigation\code\Helix.Feature.Navigation.csproj", "{195A62AF-65DE-40D0-A6F9-DAD07FBA076D}"
EndProject
Project("{2150E333-8FDC-42A3-9474-1A3956D46DE8}") = "Members", "Members", "{BFBC4F0F-E19B-4C5D-9D06-26200FAEE6D1}"
EndProject
Project("{FAE04EC0-301F-11D3-BF4B-00C04F79EFBC}") = "Helix.Feature.Members", "src\Feature\Members\code\Helix.Feature.Members.csproj", "{21946212-ACF4-4A29-A07D-4B04EE6C8296}"
EndProject
Project("{2150E333-8FDC-42A3-9474-1A3956D46DE8}") = "CodeGen", "CodeGen", "{48D3055F-265C-435F-BF8F-CEE46BA1FF8E}"
	ProjectSection(SolutionItems) = preProject
		Tools\Leprechaun-1.0.0\Scripts\Constants.csx = Tools\Leprechaun-1.0.0\Scripts\Constants.csx
		Tools\Leprechaun-1.0.0\Scripts\Diagnostics.csx = Tools\Leprechaun-1.0.0\Scripts\Diagnostics.csx
		Tools\Leprechaun-1.0.0\Scripts\GlassMapper.csx = Tools\Leprechaun-1.0.0\Scripts\GlassMapper.csx
	EndProjectSection
EndProject
Global
	GlobalSection(SolutionConfigurationPlatforms) = preSolution
		Debug|Any CPU = Debug|Any CPU
		Release|Any CPU = Release|Any CPU
	EndGlobalSection
	GlobalSection(ProjectConfigurationPlatforms) = postSolution
		{38507F7B-4D5B-4E01-B47B-88CE844FE5F3}.Debug|Any CPU.ActiveCfg = Debug|Any CPU
		{38507F7B-4D5B-4E01-B47B-88CE844FE5F3}.Debug|Any CPU.Build.0 = Debug|Any CPU
		{38507F7B-4D5B-4E01-B47B-88CE844FE5F3}.Release|Any CPU.ActiveCfg = Release|Any CPU
		{38507F7B-4D5B-4E01-B47B-88CE844FE5F3}.Release|Any CPU.Build.0 = Release|Any CPU
		{84F0C810-E9FB-4111-A7E1-05C53B9577E1}.Debug|Any CPU.ActiveCfg = Debug|Any CPU
		{84F0C810-E9FB-4111-A7E1-05C53B9577E1}.Debug|Any CPU.Build.0 = Debug|Any CPU
		{84F0C810-E9FB-4111-A7E1-05C53B9577E1}.Release|Any CPU.ActiveCfg = Release|Any CPU
		{84F0C810-E9FB-4111-A7E1-05C53B9577E1}.Release|Any CPU.Build.0 = Release|Any CPU
		{7E4F63A0-D05F-441B-AB65-CF99780EEB23}.Debug|Any CPU.ActiveCfg = Debug|Any CPU
		{7E4F63A0-D05F-441B-AB65-CF99780EEB23}.Debug|Any CPU.Build.0 = Debug|Any CPU
		{7E4F63A0-D05F-441B-AB65-CF99780EEB23}.Release|Any CPU.ActiveCfg = Release|Any CPU
		{7E4F63A0-D05F-441B-AB65-CF99780EEB23}.Release|Any CPU.Build.0 = Release|Any CPU
		{A0DC57F8-C1D8-4E38-95EC-22ED9660E817}.Debug|Any CPU.ActiveCfg = Debug|Any CPU
		{A0DC57F8-C1D8-4E38-95EC-22ED9660E817}.Debug|Any CPU.Build.0 = Debug|Any CPU
		{A0DC57F8-C1D8-4E38-95EC-22ED9660E817}.Release|Any CPU.ActiveCfg = Release|Any CPU
		{A0DC57F8-C1D8-4E38-95EC-22ED9660E817}.Release|Any CPU.Build.0 = Release|Any CPU
		{BA0F71FB-9FA8-4B49-8D78-F31616F57962}.Debug|Any CPU.ActiveCfg = Debug|Any CPU
		{BA0F71FB-9FA8-4B49-8D78-F31616F57962}.Debug|Any CPU.Build.0 = Debug|Any CPU
		{BA0F71FB-9FA8-4B49-8D78-F31616F57962}.Release|Any CPU.ActiveCfg = Release|Any CPU
		{BA0F71FB-9FA8-4B49-8D78-F31616F57962}.Release|Any CPU.Build.0 = Release|Any CPU
		{FDA36D17-6025-41EC-B1C1-9604E0CC672C}.Debug|Any CPU.ActiveCfg = Debug|Any CPU
		{FDA36D17-6025-41EC-B1C1-9604E0CC672C}.Debug|Any CPU.Build.0 = Debug|Any CPU
		{FDA36D17-6025-41EC-B1C1-9604E0CC672C}.Release|Any CPU.ActiveCfg = Release|Any CPU
		{FDA36D17-6025-41EC-B1C1-9604E0CC672C}.Release|Any CPU.Build.0 = Release|Any CPU
		{99495158-94C5-4397-BADE-3720C5592943}.Debug|Any CPU.ActiveCfg = Debug|Any CPU
		{99495158-94C5-4397-BADE-3720C5592943}.Debug|Any CPU.Build.0 = Debug|Any CPU
		{99495158-94C5-4397-BADE-3720C5592943}.Release|Any CPU.ActiveCfg = Release|Any CPU
		{99495158-94C5-4397-BADE-3720C5592943}.Release|Any CPU.Build.0 = Release|Any CPU
		{CA093606-62E7-4BAC-A345-E5F8026A1D9B}.Debug|Any CPU.ActiveCfg = Debug|Any CPU
		{CA093606-62E7-4BAC-A345-E5F8026A1D9B}.Debug|Any CPU.Build.0 = Debug|Any CPU
		{CA093606-62E7-4BAC-A345-E5F8026A1D9B}.Release|Any CPU.ActiveCfg = Release|Any CPU
		{CA093606-62E7-4BAC-A345-E5F8026A1D9B}.Release|Any CPU.Build.0 = Release|Any CPU
		{D999DF51-4A93-4751-8486-E5F282C7C1CD}.Debug|Any CPU.ActiveCfg = Debug|Any CPU
		{D999DF51-4A93-4751-8486-E5F282C7C1CD}.Debug|Any CPU.Build.0 = Debug|Any CPU
		{D999DF51-4A93-4751-8486-E5F282C7C1CD}.Release|Any CPU.ActiveCfg = Release|Any CPU
		{D999DF51-4A93-4751-8486-E5F282C7C1CD}.Release|Any CPU.Build.0 = Release|Any CPU
		{78F72C14-8DAB-4242-B406-54194722103F}.Debug|Any CPU.ActiveCfg = Debug|Any CPU
		{78F72C14-8DAB-4242-B406-54194722103F}.Debug|Any CPU.Build.0 = Debug|Any CPU
		{78F72C14-8DAB-4242-B406-54194722103F}.Release|Any CPU.ActiveCfg = Release|Any CPU
		{78F72C14-8DAB-4242-B406-54194722103F}.Release|Any CPU.Build.0 = Release|Any CPU
		{2AAA60B4-43FC-47D1-A31E-FDC563CF3531}.Debug|Any CPU.ActiveCfg = Debug|Any CPU
		{2AAA60B4-43FC-47D1-A31E-FDC563CF3531}.Debug|Any CPU.Build.0 = Debug|Any CPU
		{2AAA60B4-43FC-47D1-A31E-FDC563CF3531}.Release|Any CPU.ActiveCfg = Release|Any CPU
		{2AAA60B4-43FC-47D1-A31E-FDC563CF3531}.Release|Any CPU.Build.0 = Release|Any CPU
		{CF699BED-E749-4249-BE47-A78D717F33EB}.Debug|Any CPU.ActiveCfg = Debug|Any CPU
		{CF699BED-E749-4249-BE47-A78D717F33EB}.Debug|Any CPU.Build.0 = Debug|Any CPU
		{CF699BED-E749-4249-BE47-A78D717F33EB}.Release|Any CPU.ActiveCfg = Release|Any CPU
		{CF699BED-E749-4249-BE47-A78D717F33EB}.Release|Any CPU.Build.0 = Release|Any CPU
		{7DCA87C8-09E6-4F9B-9F57-1FABD5375C6C}.Debug|Any CPU.ActiveCfg = Debug|Any CPU
		{7DCA87C8-09E6-4F9B-9F57-1FABD5375C6C}.Debug|Any CPU.Build.0 = Debug|Any CPU
		{7DCA87C8-09E6-4F9B-9F57-1FABD5375C6C}.Release|Any CPU.ActiveCfg = Release|Any CPU
		{7DCA87C8-09E6-4F9B-9F57-1FABD5375C6C}.Release|Any CPU.Build.0 = Release|Any CPU
		{ECA6C3C2-EBA2-4451-8FD0-73F1DF2F1F0C}.Debug|Any CPU.ActiveCfg = Debug|Any CPU
		{ECA6C3C2-EBA2-4451-8FD0-73F1DF2F1F0C}.Debug|Any CPU.Build.0 = Debug|Any CPU
		{ECA6C3C2-EBA2-4451-8FD0-73F1DF2F1F0C}.Release|Any CPU.ActiveCfg = Release|Any CPU
		{ECA6C3C2-EBA2-4451-8FD0-73F1DF2F1F0C}.Release|Any CPU.Build.0 = Release|Any CPU
		{6C5F6647-0DA7-461C-B32C-6B4B4FE6601F}.Debug|Any CPU.ActiveCfg = Debug|Any CPU
		{6C5F6647-0DA7-461C-B32C-6B4B4FE6601F}.Debug|Any CPU.Build.0 = Debug|Any CPU
		{6C5F6647-0DA7-461C-B32C-6B4B4FE6601F}.Release|Any CPU.ActiveCfg = Release|Any CPU
		{6C5F6647-0DA7-461C-B32C-6B4B4FE6601F}.Release|Any CPU.Build.0 = Release|Any CPU
		{FFAFF82F-5951-4935-B730-DDFC9146E44F}.Debug|Any CPU.ActiveCfg = Debug|Any CPU
		{FFAFF82F-5951-4935-B730-DDFC9146E44F}.Debug|Any CPU.Build.0 = Debug|Any CPU
		{FFAFF82F-5951-4935-B730-DDFC9146E44F}.Release|Any CPU.ActiveCfg = Release|Any CPU
		{FFAFF82F-5951-4935-B730-DDFC9146E44F}.Release|Any CPU.Build.0 = Release|Any CPU
		{07BFFDE8-6547-4AAF-99B6-AEFF42A9F079}.Debug|Any CPU.ActiveCfg = Debug|Any CPU
		{07BFFDE8-6547-4AAF-99B6-AEFF42A9F079}.Debug|Any CPU.Build.0 = Debug|Any CPU
		{07BFFDE8-6547-4AAF-99B6-AEFF42A9F079}.Release|Any CPU.ActiveCfg = Release|Any CPU
		{07BFFDE8-6547-4AAF-99B6-AEFF42A9F079}.Release|Any CPU.Build.0 = Release|Any CPU
		{15F1A17E-8FB2-4194-B9E0-0029A950560B}.Debug|Any CPU.ActiveCfg = Debug|Any CPU
		{15F1A17E-8FB2-4194-B9E0-0029A950560B}.Debug|Any CPU.Build.0 = Debug|Any CPU
		{15F1A17E-8FB2-4194-B9E0-0029A950560B}.Release|Any CPU.ActiveCfg = Release|Any CPU
		{15F1A17E-8FB2-4194-B9E0-0029A950560B}.Release|Any CPU.Build.0 = Release|Any CPU
		{195A62AF-65DE-40D0-A6F9-DAD07FBA076D}.Debug|Any CPU.ActiveCfg = Debug|Any CPU
		{195A62AF-65DE-40D0-A6F9-DAD07FBA076D}.Debug|Any CPU.Build.0 = Debug|Any CPU
		{195A62AF-65DE-40D0-A6F9-DAD07FBA076D}.Release|Any CPU.ActiveCfg = Release|Any CPU
		{195A62AF-65DE-40D0-A6F9-DAD07FBA076D}.Release|Any CPU.Build.0 = Release|Any CPU
		{21946212-ACF4-4A29-A07D-4B04EE6C8296}.Debug|Any CPU.ActiveCfg = Debug|Any CPU
		{21946212-ACF4-4A29-A07D-4B04EE6C8296}.Debug|Any CPU.Build.0 = Debug|Any CPU
		{21946212-ACF4-4A29-A07D-4B04EE6C8296}.Release|Any CPU.ActiveCfg = Release|Any CPU
		{21946212-ACF4-4A29-A07D-4B04EE6C8296}.Release|Any CPU.Build.0 = Release|Any CPU
	EndGlobalSection
	GlobalSection(SolutionProperties) = preSolution
		HideSolutionNode = FALSE
	EndGlobalSection
	GlobalSection(NestedProjects) = preSolution
		{578E8488-9D04-4C0F-813D-B01EF46749EA} = {FC59B197-F0B7-4C2B-80F7-A7EBACAD50D8}
		{9F0F7E14-AF5A-4E84-9F0F-5AAD7EDEA197} = {B99999F6-5CE0-407A-89BB-CBF4574FF39C}
		{CAE3FEEC-78BD-46AB-AC28-600B78D3C837} = {CCE7A86D-B7EB-432F-A78A-49CCDAA1C915}
		{1B2FBF93-A43E-4BE4-9175-91A8A4D3325A} = {CCE7A86D-B7EB-432F-A78A-49CCDAA1C915}
		{38507F7B-4D5B-4E01-B47B-88CE844FE5F3} = {9F0F7E14-AF5A-4E84-9F0F-5AAD7EDEA197}
		{1C5A6FA1-0325-4B75-A931-A17496F0924A} = {CCE7A86D-B7EB-432F-A78A-49CCDAA1C915}
		{84F0C810-E9FB-4111-A7E1-05C53B9577E1} = {1C5A6FA1-0325-4B75-A931-A17496F0924A}
		{7E4F63A0-D05F-441B-AB65-CF99780EEB23} = {1B2FBF93-A43E-4BE4-9175-91A8A4D3325A}
		{4974D461-C429-438F-A4E9-74E44F91509F} = {B99999F6-5CE0-407A-89BB-CBF4574FF39C}
		{154382FB-2BDA-46C4-BCE5-859A3F568F94} = {B99999F6-5CE0-407A-89BB-CBF4574FF39C}
		{A0DC57F8-C1D8-4E38-95EC-22ED9660E817} = {4974D461-C429-438F-A4E9-74E44F91509F}
		{2A79B035-0C0F-4D97-B00F-99C596C68918} = {B99999F6-5CE0-407A-89BB-CBF4574FF39C}
		{BA0F71FB-9FA8-4B49-8D78-F31616F57962} = {2A79B035-0C0F-4D97-B00F-99C596C68918}
		{22138916-19CD-4067-94A4-C00627E66ED1} = {B99999F6-5CE0-407A-89BB-CBF4574FF39C}
		{FDA36D17-6025-41EC-B1C1-9604E0CC672C} = {CAE3FEEC-78BD-46AB-AC28-600B78D3C837}
		{331CB5FA-B0B1-46C9-B816-4399ADD68174} = {CCE7A86D-B7EB-432F-A78A-49CCDAA1C915}
		{99495158-94C5-4397-BADE-3720C5592943} = {331CB5FA-B0B1-46C9-B816-4399ADD68174}
		{CA093606-62E7-4BAC-A345-E5F8026A1D9B} = {578E8488-9D04-4C0F-813D-B01EF46749EA}
		{8DF8FA78-61F8-4B7F-B8BB-FA3D27460533} = {CCE7A86D-B7EB-432F-A78A-49CCDAA1C915}
		{D999DF51-4A93-4751-8486-E5F282C7C1CD} = {8DF8FA78-61F8-4B7F-B8BB-FA3D27460533}
		{20E15BD6-92D5-4F54-A396-DA05B4C81FF6} = {B99999F6-5CE0-407A-89BB-CBF4574FF39C}
		{78F72C14-8DAB-4242-B406-54194722103F} = {20E15BD6-92D5-4F54-A396-DA05B4C81FF6}
		{2AAA60B4-43FC-47D1-A31E-FDC563CF3531} = {22138916-19CD-4067-94A4-C00627E66ED1}
		{7C5CD822-DD0E-4756-9A26-F5484CA6275B} = {B99999F6-5CE0-407A-89BB-CBF4574FF39C}
		{CF699BED-E749-4249-BE47-A78D717F33EB} = {7C5CD822-DD0E-4756-9A26-F5484CA6275B}
		{4EB12869-52F0-44BB-B28E-7BAB7149F65F} = {CCE7A86D-B7EB-432F-A78A-49CCDAA1C915}
		{7DCA87C8-09E6-4F9B-9F57-1FABD5375C6C} = {4EB12869-52F0-44BB-B28E-7BAB7149F65F}
		{8455F99D-0C64-4F36-970B-80292FFB7147} = {B99999F6-5CE0-407A-89BB-CBF4574FF39C}
		{ECA6C3C2-EBA2-4451-8FD0-73F1DF2F1F0C} = {8455F99D-0C64-4F36-970B-80292FFB7147}
		{44345745-87FA-4E50-ABA7-90C3BC6F14E1} = {B99999F6-5CE0-407A-89BB-CBF4574FF39C}
		{6C5F6647-0DA7-461C-B32C-6B4B4FE6601F} = {44345745-87FA-4E50-ABA7-90C3BC6F14E1}
		{0121975D-0E1D-41E9-AE81-DCA25A53DC6F} = {B99999F6-5CE0-407A-89BB-CBF4574FF39C}
		{FFAFF82F-5951-4935-B730-DDFC9146E44F} = {0121975D-0E1D-41E9-AE81-DCA25A53DC6F}
		{3B065CBA-F0BE-4DB6-A28D-D7F6C0592E9F} = {FC59B197-F0B7-4C2B-80F7-A7EBACAD50D8}
		{07BFFDE8-6547-4AAF-99B6-AEFF42A9F079} = {3B065CBA-F0BE-4DB6-A28D-D7F6C0592E9F}
		{CA7E78BA-31EB-4E68-819A-BF63F3F42A4B} = {B99999F6-5CE0-407A-89BB-CBF4574FF39C}
		{15F1A17E-8FB2-4194-B9E0-0029A950560B} = {CA7E78BA-31EB-4E68-819A-BF63F3F42A4B}
		{FD22977C-ED2F-440E-A00A-9E6789635D52} = {CCE7A86D-B7EB-432F-A78A-49CCDAA1C915}
		{195A62AF-65DE-40D0-A6F9-DAD07FBA076D} = {FD22977C-ED2F-440E-A00A-9E6789635D52}
		{BFBC4F0F-E19B-4C5D-9D06-26200FAEE6D1} = {CCE7A86D-B7EB-432F-A78A-49CCDAA1C915}
		{21946212-ACF4-4A29-A07D-4B04EE6C8296} = {BFBC4F0F-E19B-4C5D-9D06-26200FAEE6D1}
	EndGlobalSection
	GlobalSection(ExtensibilityGlobals) = postSolution
		SolutionGuid = {97C8EAF3-A659-46EE-AC9A-A16ACDE5534F}
	EndGlobalSection
EndGlobal
